// !$*UTF8*$!
{
	archiveVersion = 1;
	classes = {
	};
	objectVersion = 46;
	objects = {

/* Begin PBXBuildFile section */
		22204D811BA3406C000D43D6 /* TMCell.m in Sources */ = {isa = PBXBuildFile; fileRef = 22204D801BA3406C000D43D6 /* TMCell.m */; };
		22204D831BA3454F000D43D6 /* TMLeaderboard_json.txt in Resources */ = {isa = PBXBuildFile; fileRef = 22204D821BA3454F000D43D6 /* TMLeaderboard_json.txt */; };
		22204D871BA365C5000D43D6 /* Utils.m in Sources */ = {isa = PBXBuildFile; fileRef = 22204D861BA365C5000D43D6 /* Utils.m */; };
		22204D8E1BA39B4B000D43D6 /* HTTPConnectoin.m in Sources */ = {isa = PBXBuildFile; fileRef = 22204D8D1BA39B4B000D43D6 /* HTTPConnectoin.m */; };
		22204D921BA39DC2000D43D6 /* Reachability.m in Sources */ = {isa = PBXBuildFile; fileRef = 22204D911BA39DC2000D43D6 /* Reachability.m */; settings = {COMPILER_FLAGS = "-fno-objc-arc"; }; };
		22204D961BA3DA8F000D43D6 /* Down_arrow_Red.png in Resources */ = {isa = PBXBuildFile; fileRef = 22204D951BA3DA8F000D43D6 /* Down_arrow_Red.png */; };
		22204D981BA3DA9D000D43D6 /* Up_Arrow_green.png in Resources */ = {isa = PBXBuildFile; fileRef = 22204D971BA3DA9D000D43D6 /* Up_Arrow_green.png */; };
		222D29C71BA2ED0E00D59CB1 /* main.m in Sources */ = {isa = PBXBuildFile; fileRef = 222D29C61BA2ED0E00D59CB1 /* main.m */; };
		222D29CA1BA2ED0E00D59CB1 /* AppDelegate.m in Sources */ = {isa = PBXBuildFile; fileRef = 222D29C91BA2ED0E00D59CB1 /* AppDelegate.m */; };
		222D29CD1BA2ED0E00D59CB1 /* MapViewController.m in Sources */ = {isa = PBXBuildFile; fileRef = 222D29CC1BA2ED0E00D59CB1 /* MapViewController.m */; };
		222D29D01BA2ED0E00D59CB1 /* LeadBoardViewController.m in Sources */ = {isa = PBXBuildFile; fileRef = 222D29CF1BA2ED0E00D59CB1 /* LeadBoardViewController.m */; };
		222D29D31BA2ED0E00D59CB1 /* Main.storyboard in Resources */ = {isa = PBXBuildFile; fileRef = 222D29D11BA2ED0E00D59CB1 /* Main.storyboard */; };
		222D29D51BA2ED0E00D59CB1 /* Images.xcassets in Resources */ = {isa = PBXBuildFile; fileRef = 222D29D41BA2ED0E00D59CB1 /* Images.xcassets */; };
		222D29D81BA2ED0E00D59CB1 /* LaunchScreen.xib in Resources */ = {isa = PBXBuildFile; fileRef = 222D29D61BA2ED0E00D59CB1 /* LaunchScreen.xib */; };
		222D29E41BA2ED0E00D59CB1 /* Sell_ItTests.m in Sources */ = {isa = PBXBuildFile; fileRef = 222D29E31BA2ED0E00D59CB1 /* Sell_ItTests.m */; };
		222D29EF1BA2F0D100D59CB1 /* DashBoardViewController.m in Sources */ = {isa = PBXBuildFile; fileRef = 222D29EE1BA2F0D100D59CB1 /* DashBoardViewController.m */; };
		222D29F21BA2F12800D59CB1 /* DoctorDetailViewController.m in Sources */ = {isa = PBXBuildFile; fileRef = 222D29F11BA2F12800D59CB1 /* DoctorDetailViewController.m */; };
		222D29F51BA2F13800D59CB1 /* TMDetailViewController.m in Sources */ = {isa = PBXBuildFile; fileRef = 222D29F41BA2F13800D59CB1 /* TMDetailViewController.m */; };
		222D29F81BA2F14600D59CB1 /* SMDetailViewController.m in Sources */ = {isa = PBXBuildFile; fileRef = 222D29F71BA2F14600D59CB1 /* SMDetailViewController.m */; };
		222D29FB1BA2F16200D59CB1 /* SMConfigurationViewController.m in Sources */ = {isa = PBXBuildFile; fileRef = 222D29FA1BA2F16200D59CB1 /* SMConfigurationViewController.m */; };
		222D29FE1BA2F19000D59CB1 /* FilterViewController.m in Sources */ = {isa = PBXBuildFile; fileRef = 222D29FD1BA2F19000D59CB1 /* FilterViewController.m */; };
		222D2A011BA2FF8D00D59CB1 /* LoginViewController.m in Sources */ = {isa = PBXBuildFile; fileRef = 222D2A001BA2FF8D00D59CB1 /* LoginViewController.m */; };
		222D2A501BA33F6300D59CB1 /* libPods-Sell-It-AFNetworking.a in Frameworks */ = {isa = PBXBuildFile; fileRef = 222D2A4E1BA33F6300D59CB1 /* libPods-Sell-It-AFNetworking.a */; };
		222D2A511BA33F6300D59CB1 /* libPods-Sell-It-SDWebImage.a in Frameworks */ = {isa = PBXBuildFile; fileRef = 222D2A4F1BA33F6300D59CB1 /* libPods-Sell-It-SDWebImage.a */; };
		792DB71E1BA3715D00A7E79E /* TM1.png in Resources */ = {isa = PBXBuildFile; fileRef = 792DB71D1BA3715D00A7E79E /* TM1.png */; };
		792DB7201BA3733A00A7E79E /* TM2.png in Resources */ = {isa = PBXBuildFile; fileRef = 792DB71F1BA3733A00A7E79E /* TM2.png */; };
		792DB7221BA3738800A7E79E /* TM3.png in Resources */ = {isa = PBXBuildFile; fileRef = 792DB7211BA3738800A7E79E /* TM3.png */; };
		794152081BA3F4850012ED2E /* green.png in Resources */ = {isa = PBXBuildFile; fileRef = 794152061BA3F4850012ED2E /* green.png */; };
		794152091BA3F4850012ED2E /* red.png in Resources */ = {isa = PBXBuildFile; fileRef = 794152071BA3F4850012ED2E /* red.png */; };
		7941520C1BA3F4A80012ED2E /* blue.png in Resources */ = {isa = PBXBuildFile; fileRef = 7941520A1BA3F4A80012ED2E /* blue.png */; };
		7941520D1BA3F4A80012ED2E /* yellow.png in Resources */ = {isa = PBXBuildFile; fileRef = 7941520B1BA3F4A80012ED2E /* yellow.png */; };
		7941520F1BA3F4CF0012ED2E /* down.png in Resources */ = {isa = PBXBuildFile; fileRef = 7941520E1BA3F4CF0012ED2E /* down.png */; };
		F186BEEC88F269DB50733483 /* libPods-Sell-It.a in Frameworks */ = {isa = PBXBuildFile; fileRef = 1086BD91FADB077A126CDBC6 /* libPods-Sell-It.a */; };
/* End PBXBuildFile section */

/* Begin PBXContainerItemProxy section */
		222D29DE1BA2ED0E00D59CB1 /* PBXContainerItemProxy */ = {
			isa = PBXContainerItemProxy;
			containerPortal = 222D29B91BA2ED0E00D59CB1 /* Project object */;
			proxyType = 1;
			remoteGlobalIDString = 222D29C01BA2ED0E00D59CB1;
			remoteInfo = "Sell-It";
		};
/* End PBXContainerItemProxy section */

/* Begin PBXFileReference section */
		1086BD91FADB077A126CDBC6 /* libPods-Sell-It.a */ = {isa = PBXFileReference; explicitFileType = archive.ar; includeInIndex = 0; path = "libPods-Sell-It.a"; sourceTree = BUILT_PRODUCTS_DIR; };
		22204D7F1BA3406C000D43D6 /* TMCell.h */ = {isa = PBXFileReference; fileEncoding = 4; lastKnownFileType = sourcecode.c.h; path = TMCell.h; sourceTree = "<group>"; };
		22204D801BA3406C000D43D6 /* TMCell.m */ = {isa = PBXFileReference; fileEncoding = 4; lastKnownFileType = sourcecode.c.objc; path = TMCell.m; sourceTree = "<group>"; };
		22204D821BA3454F000D43D6 /* TMLeaderboard_json.txt */ = {isa = PBXFileReference; fileEncoding = 4; lastKnownFileType = text; path = TMLeaderboard_json.txt; sourceTree = "<group>"; };
		22204D851BA365C5000D43D6 /* Utils.h */ = {isa = PBXFileReference; fileEncoding = 4; lastKnownFileType = sourcecode.c.h; path = Utils.h; sourceTree = "<group>"; };
		22204D861BA365C5000D43D6 /* Utils.m */ = {isa = PBXFileReference; fileEncoding = 4; lastKnownFileType = sourcecode.c.objc; path = Utils.m; sourceTree = "<group>"; };
		22204D8C1BA39B4B000D43D6 /* HTTPConnectoin.h */ = {isa = PBXFileReference; fileEncoding = 4; lastKnownFileType = sourcecode.c.h; path = HTTPConnectoin.h; sourceTree = "<group>"; };
		22204D8D1BA39B4B000D43D6 /* HTTPConnectoin.m */ = {isa = PBXFileReference; fileEncoding = 4; lastKnownFileType = sourcecode.c.objc; path = HTTPConnectoin.m; sourceTree = "<group>"; };
		22204D901BA39DC2000D43D6 /* Reachability.h */ = {isa = PBXFileReference; fileEncoding = 4; lastKnownFileType = sourcecode.c.h; path = Reachability.h; sourceTree = "<group>"; };
		22204D911BA39DC2000D43D6 /* Reachability.m */ = {isa = PBXFileReference; fileEncoding = 4; lastKnownFileType = sourcecode.c.objc; path = Reachability.m; sourceTree = "<group>"; };
		22204D951BA3DA8F000D43D6 /* Down_arrow_Red.png */ = {isa = PBXFileReference; lastKnownFileType = image.png; path = Down_arrow_Red.png; sourceTree = "<group>"; };
		22204D971BA3DA9D000D43D6 /* Up_Arrow_green.png */ = {isa = PBXFileReference; lastKnownFileType = image.png; path = Up_Arrow_green.png; sourceTree = "<group>"; };
		222D29C11BA2ED0E00D59CB1 /* Sell-It.app */ = {isa = PBXFileReference; explicitFileType = wrapper.application; includeInIndex = 0; path = "Sell-It.app"; sourceTree = BUILT_PRODUCTS_DIR; };
		222D29C51BA2ED0E00D59CB1 /* Info.plist */ = {isa = PBXFileReference; lastKnownFileType = text.plist.xml; path = Info.plist; sourceTree = "<group>"; };
		222D29C61BA2ED0E00D59CB1 /* main.m */ = {isa = PBXFileReference; lastKnownFileType = sourcecode.c.objc; path = main.m; sourceTree = "<group>"; };
		222D29C81BA2ED0E00D59CB1 /* AppDelegate.h */ = {isa = PBXFileReference; lastKnownFileType = sourcecode.c.h; path = AppDelegate.h; sourceTree = "<group>"; };
		222D29C91BA2ED0E00D59CB1 /* AppDelegate.m */ = {isa = PBXFileReference; lastKnownFileType = sourcecode.c.objc; path = AppDelegate.m; sourceTree = "<group>"; };
		222D29CB1BA2ED0E00D59CB1 /* MapViewController.h */ = {isa = PBXFileReference; lastKnownFileType = sourcecode.c.h; path = MapViewController.h; sourceTree = "<group>"; };
		222D29CC1BA2ED0E00D59CB1 /* MapViewController.m */ = {isa = PBXFileReference; lastKnownFileType = sourcecode.c.objc; path = MapViewController.m; sourceTree = "<group>"; };
		222D29CE1BA2ED0E00D59CB1 /* LeadBoardViewController.h */ = {isa = PBXFileReference; lastKnownFileType = sourcecode.c.h; path = LeadBoardViewController.h; sourceTree = "<group>"; };
		222D29CF1BA2ED0E00D59CB1 /* LeadBoardViewController.m */ = {isa = PBXFileReference; lastKnownFileType = sourcecode.c.objc; path = LeadBoardViewController.m; sourceTree = "<group>"; };
		222D29D21BA2ED0E00D59CB1 /* Base */ = {isa = PBXFileReference; lastKnownFileType = file.storyboard; name = Base; path = Base.lproj/Main.storyboard; sourceTree = "<group>"; };
		222D29D41BA2ED0E00D59CB1 /* Images.xcassets */ = {isa = PBXFileReference; lastKnownFileType = folder.assetcatalog; path = Images.xcassets; sourceTree = "<group>"; };
		222D29D71BA2ED0E00D59CB1 /* Base */ = {isa = PBXFileReference; lastKnownFileType = file.xib; name = Base; path = Base.lproj/LaunchScreen.xib; sourceTree = "<group>"; };
		222D29DD1BA2ED0E00D59CB1 /* Sell-ItTests.xctest */ = {isa = PBXFileReference; explicitFileType = wrapper.cfbundle; includeInIndex = 0; path = "Sell-ItTests.xctest"; sourceTree = BUILT_PRODUCTS_DIR; };
		222D29E21BA2ED0E00D59CB1 /* Info.plist */ = {isa = PBXFileReference; lastKnownFileType = text.plist.xml; path = Info.plist; sourceTree = "<group>"; };
		222D29E31BA2ED0E00D59CB1 /* Sell_ItTests.m */ = {isa = PBXFileReference; lastKnownFileType = sourcecode.c.objc; path = Sell_ItTests.m; sourceTree = "<group>"; };
		222D29ED1BA2F0D100D59CB1 /* DashBoardViewController.h */ = {isa = PBXFileReference; fileEncoding = 4; lastKnownFileType = sourcecode.c.h; path = DashBoardViewController.h; sourceTree = "<group>"; };
		222D29EE1BA2F0D100D59CB1 /* DashBoardViewController.m */ = {isa = PBXFileReference; fileEncoding = 4; lastKnownFileType = sourcecode.c.objc; path = DashBoardViewController.m; sourceTree = "<group>"; };
		222D29F01BA2F12800D59CB1 /* DoctorDetailViewController.h */ = {isa = PBXFileReference; fileEncoding = 4; lastKnownFileType = sourcecode.c.h; path = DoctorDetailViewController.h; sourceTree = "<group>"; };
		222D29F11BA2F12800D59CB1 /* DoctorDetailViewController.m */ = {isa = PBXFileReference; fileEncoding = 4; lastKnownFileType = sourcecode.c.objc; path = DoctorDetailViewController.m; sourceTree = "<group>"; };
		222D29F31BA2F13800D59CB1 /* TMDetailViewController.h */ = {isa = PBXFileReference; fileEncoding = 4; lastKnownFileType = sourcecode.c.h; path = TMDetailViewController.h; sourceTree = "<group>"; };
		222D29F41BA2F13800D59CB1 /* TMDetailViewController.m */ = {isa = PBXFileReference; fileEncoding = 4; lastKnownFileType = sourcecode.c.objc; path = TMDetailViewController.m; sourceTree = "<group>"; };
		222D29F61BA2F14600D59CB1 /* SMDetailViewController.h */ = {isa = PBXFileReference; fileEncoding = 4; lastKnownFileType = sourcecode.c.h; path = SMDetailViewController.h; sourceTree = "<group>"; };
		222D29F71BA2F14600D59CB1 /* SMDetailViewController.m */ = {isa = PBXFileReference; fileEncoding = 4; lastKnownFileType = sourcecode.c.objc; path = SMDetailViewController.m; sourceTree = "<group>"; };
		222D29F91BA2F16200D59CB1 /* SMConfigurationViewController.h */ = {isa = PBXFileReference; fileEncoding = 4; lastKnownFileType = sourcecode.c.h; path = SMConfigurationViewController.h; sourceTree = "<group>"; };
		222D29FA1BA2F16200D59CB1 /* SMConfigurationViewController.m */ = {isa = PBXFileReference; fileEncoding = 4; lastKnownFileType = sourcecode.c.objc; path = SMConfigurationViewController.m; sourceTree = "<group>"; };
		222D29FC1BA2F19000D59CB1 /* FilterViewController.h */ = {isa = PBXFileReference; fileEncoding = 4; lastKnownFileType = sourcecode.c.h; path = FilterViewController.h; sourceTree = "<group>"; };
		222D29FD1BA2F19000D59CB1 /* FilterViewController.m */ = {isa = PBXFileReference; fileEncoding = 4; lastKnownFileType = sourcecode.c.objc; path = FilterViewController.m; sourceTree = "<group>"; };
		222D29FF1BA2FF8D00D59CB1 /* LoginViewController.h */ = {isa = PBXFileReference; fileEncoding = 4; lastKnownFileType = sourcecode.c.h; path = LoginViewController.h; sourceTree = "<group>"; };
		222D2A001BA2FF8D00D59CB1 /* LoginViewController.m */ = {isa = PBXFileReference; fileEncoding = 4; lastKnownFileType = sourcecode.c.objc; path = LoginViewController.m; sourceTree = "<group>"; };
		222D2A4E1BA33F6300D59CB1 /* libPods-Sell-It-AFNetworking.a */ = {isa = PBXFileReference; lastKnownFileType = archive.ar; name = "libPods-Sell-It-AFNetworking.a"; path = "Pods/build/Debug-iphoneos/libPods-Sell-It-AFNetworking.a"; sourceTree = "<group>"; };
		222D2A4F1BA33F6300D59CB1 /* libPods-Sell-It-SDWebImage.a */ = {isa = PBXFileReference; lastKnownFileType = archive.ar; name = "libPods-Sell-It-SDWebImage.a"; path = "Pods/build/Debug-iphoneos/libPods-Sell-It-SDWebImage.a"; sourceTree = "<group>"; };
		43678865BF297F181F2DFC4C /* Pods-Sell-It.debug.xcconfig */ = {isa = PBXFileReference; includeInIndex = 1; lastKnownFileType = text.xcconfig; name = "Pods-Sell-It.debug.xcconfig"; path = "Pods/Target Support Files/Pods-Sell-It/Pods-Sell-It.debug.xcconfig"; sourceTree = "<group>"; };
		792DB71D1BA3715D00A7E79E /* TM1.png */ = {isa = PBXFileReference; lastKnownFileType = image.png; path = TM1.png; sourceTree = "<group>"; };
		792DB71F1BA3733A00A7E79E /* TM2.png */ = {isa = PBXFileReference; lastKnownFileType = image.png; path = TM2.png; sourceTree = "<group>"; };
		792DB7211BA3738800A7E79E /* TM3.png */ = {isa = PBXFileReference; lastKnownFileType = image.png; path = TM3.png; sourceTree = "<group>"; };
		794152061BA3F4850012ED2E /* green.png */ = {isa = PBXFileReference; lastKnownFileType = image.png; path = green.png; sourceTree = "<group>"; };
		794152071BA3F4850012ED2E /* red.png */ = {isa = PBXFileReference; lastKnownFileType = image.png; path = red.png; sourceTree = "<group>"; };
		7941520A1BA3F4A80012ED2E /* blue.png */ = {isa = PBXFileReference; lastKnownFileType = image.png; path = blue.png; sourceTree = "<group>"; };
		7941520B1BA3F4A80012ED2E /* yellow.png */ = {isa = PBXFileReference; lastKnownFileType = image.png; path = yellow.png; sourceTree = "<group>"; };
		7941520E1BA3F4CF0012ED2E /* down.png */ = {isa = PBXFileReference; lastKnownFileType = image.png; path = down.png; sourceTree = "<group>"; };
		E2E57B97E4BF54DEA7F619D6 /* Pods-Sell-It.release.xcconfig */ = {isa = PBXFileReference; includeInIndex = 1; lastKnownFileType = text.xcconfig; name = "Pods-Sell-It.release.xcconfig"; path = "Pods/Target Support Files/Pods-Sell-It/Pods-Sell-It.release.xcconfig"; sourceTree = "<group>"; };
/* End PBXFileReference section */

/* Begin PBXFrameworksBuildPhase section */
		222D29BE1BA2ED0E00D59CB1 /* Frameworks */ = {
			isa = PBXFrameworksBuildPhase;
			buildActionMask = 2147483647;
			files = (
				222D2A501BA33F6300D59CB1 /* libPods-Sell-It-AFNetworking.a in Frameworks */,
				222D2A511BA33F6300D59CB1 /* libPods-Sell-It-SDWebImage.a in Frameworks */,
				F186BEEC88F269DB50733483 /* libPods-Sell-It.a in Frameworks */,
			);
			runOnlyForDeploymentPostprocessing = 0;
		};
		222D29DA1BA2ED0E00D59CB1 /* Frameworks */ = {
			isa = PBXFrameworksBuildPhase;
			buildActionMask = 2147483647;
			files = (
			);
			runOnlyForDeploymentPostprocessing = 0;
		};
/* End PBXFrameworksBuildPhase section */

/* Begin PBXGroup section */
		22204D7E1BA3403E000D43D6 /* LeaderBoard */ = {
			isa = PBXGroup;
			children = (
				22204D821BA3454F000D43D6 /* TMLeaderboard_json.txt */,
				222D29CE1BA2ED0E00D59CB1 /* LeadBoardViewController.h */,
				222D29CF1BA2ED0E00D59CB1 /* LeadBoardViewController.m */,
				22204D7F1BA3406C000D43D6 /* TMCell.h */,
				22204D801BA3406C000D43D6 /* TMCell.m */,
				22204D971BA3DA9D000D43D6 /* Up_Arrow_green.png */,
				22204D951BA3DA8F000D43D6 /* Down_arrow_Red.png */,
			);
			name = LeaderBoard;
			sourceTree = "<group>";
		};
		22204D8B1BA39B27000D43D6 /* HTTPClass */ = {
			isa = PBXGroup;
			children = (
				22204D8C1BA39B4B000D43D6 /* HTTPConnectoin.h */,
				22204D8D1BA39B4B000D43D6 /* HTTPConnectoin.m */,
			);
			name = HTTPClass;
			sourceTree = "<group>";
		};
		222D29B81BA2ED0E00D59CB1 = {
			isa = PBXGroup;
			children = (
				7941520E1BA3F4CF0012ED2E /* down.png */,
				7941520A1BA3F4A80012ED2E /* blue.png */,
				7941520B1BA3F4A80012ED2E /* yellow.png */,
				794152061BA3F4850012ED2E /* green.png */,
				794152071BA3F4850012ED2E /* red.png */,
				792DB7211BA3738800A7E79E /* TM3.png */,
				792DB71F1BA3733A00A7E79E /* TM2.png */,
				792DB71D1BA3715D00A7E79E /* TM1.png */,
				222D29C31BA2ED0E00D59CB1 /* Sell-It */,
				222D29E01BA2ED0E00D59CB1 /* Sell-ItTests */,
				222D29C21BA2ED0E00D59CB1 /* Products */,
				DA91EA053C9FCC948B2E2260 /* Pods */,
				56E2754DF00D6F8EE06A8079 /* Frameworks */,
			);
			sourceTree = "<group>";
		};
		222D29C21BA2ED0E00D59CB1 /* Products */ = {
			isa = PBXGroup;
			children = (
				222D29C11BA2ED0E00D59CB1 /* Sell-It.app */,
				222D29DD1BA2ED0E00D59CB1 /* Sell-ItTests.xctest */,
			);
			name = Products;
			sourceTree = "<group>";
		};
		222D29C31BA2ED0E00D59CB1 /* Sell-It */ = {
			isa = PBXGroup;
			children = (
				22204D7E1BA3403E000D43D6 /* LeaderBoard */,
				22204D8B1BA39B27000D43D6 /* HTTPClass */,
				222D29C81BA2ED0E00D59CB1 /* AppDelegate.h */,
				222D29C91BA2ED0E00D59CB1 /* AppDelegate.m */,
				222D29FF1BA2FF8D00D59CB1 /* LoginViewController.h */,
				222D2A001BA2FF8D00D59CB1 /* LoginViewController.m */,
				222D29CB1BA2ED0E00D59CB1 /* MapViewController.h */,
				222D29CC1BA2ED0E00D59CB1 /* MapViewController.m */,
				222D29ED1BA2F0D100D59CB1 /* DashBoardViewController.h */,
				222D29EE1BA2F0D100D59CB1 /* DashBoardViewController.m */,
				222D29F01BA2F12800D59CB1 /* DoctorDetailViewController.h */,
				222D29F11BA2F12800D59CB1 /* DoctorDetailViewController.m */,
				222D29F31BA2F13800D59CB1 /* TMDetailViewController.h */,
				222D29F41BA2F13800D59CB1 /* TMDetailViewController.m */,
				222D29F61BA2F14600D59CB1 /* SMDetailViewController.h */,
				222D29F71BA2F14600D59CB1 /* SMDetailViewController.m */,
				222D29F91BA2F16200D59CB1 /* SMConfigurationViewController.h */,
				222D29FA1BA2F16200D59CB1 /* SMConfigurationViewController.m */,
				222D29FC1BA2F19000D59CB1 /* FilterViewController.h */,
				222D29FD1BA2F19000D59CB1 /* FilterViewController.m */,
				22204D851BA365C5000D43D6 /* Utils.h */,
				22204D861BA365C5000D43D6 /* Utils.m */,
				22204D901BA39DC2000D43D6 /* Reachability.h */,
				22204D911BA39DC2000D43D6 /* Reachability.m */,
				222D29D11BA2ED0E00D59CB1 /* Main.storyboard */,
				222D29D41BA2ED0E00D59CB1 /* Images.xcassets */,
				222D29D61BA2ED0E00D59CB1 /* LaunchScreen.xib */,
				222D29C41BA2ED0E00D59CB1 /* Supporting Files */,
			);
			path = "Sell-It";
			sourceTree = "<group>";
		};
		222D29C41BA2ED0E00D59CB1 /* Supporting Files */ = {
			isa = PBXGroup;
			children = (
				222D29C51BA2ED0E00D59CB1 /* Info.plist */,
				222D29C61BA2ED0E00D59CB1 /* main.m */,
			);
			name = "Supporting Files";
			sourceTree = "<group>";
		};
		222D29E01BA2ED0E00D59CB1 /* Sell-ItTests */ = {
			isa = PBXGroup;
			children = (
				222D29E31BA2ED0E00D59CB1 /* Sell_ItTests.m */,
				222D29E11BA2ED0E00D59CB1 /* Supporting Files */,
			);
			path = "Sell-ItTests";
			sourceTree = "<group>";
		};
		222D29E11BA2ED0E00D59CB1 /* Supporting Files */ = {
			isa = PBXGroup;
			children = (
				222D29E21BA2ED0E00D59CB1 /* Info.plist */,
			);
			name = "Supporting Files";
			sourceTree = "<group>";
		};
		56E2754DF00D6F8EE06A8079 /* Frameworks */ = {
			isa = PBXGroup;
			children = (
				222D2A4E1BA33F6300D59CB1 /* libPods-Sell-It-AFNetworking.a */,
				222D2A4F1BA33F6300D59CB1 /* libPods-Sell-It-SDWebImage.a */,
				1086BD91FADB077A126CDBC6 /* libPods-Sell-It.a */,
			);
			name = Frameworks;
			sourceTree = "<group>";
		};
		DA91EA053C9FCC948B2E2260 /* Pods */ = {
			isa = PBXGroup;
			children = (
				43678865BF297F181F2DFC4C /* Pods-Sell-It.debug.xcconfig */,
				E2E57B97E4BF54DEA7F619D6 /* Pods-Sell-It.release.xcconfig */,
			);
			name = Pods;
			sourceTree = "<group>";
		};
/* End PBXGroup section */

/* Begin PBXNativeTarget section */
		222D29C01BA2ED0E00D59CB1 /* Sell-It */ = {
			isa = PBXNativeTarget;
			buildConfigurationList = 222D29E71BA2ED0E00D59CB1 /* Build configuration list for PBXNativeTarget "Sell-It" */;
			buildPhases = (
				7B4C32BC64F7D9F048056401 /* Check Pods Manifest.lock */,
				222D29BD1BA2ED0E00D59CB1 /* Sources */,
				222D29BE1BA2ED0E00D59CB1 /* Frameworks */,
				222D29BF1BA2ED0E00D59CB1 /* Resources */,
				59E6A84AFDC83D9684C65299 /* Copy Pods Resources */,
			);
			buildRules = (
			);
			dependencies = (
			);
			name = "Sell-It";
			productName = "Sell-It";
			productReference = 222D29C11BA2ED0E00D59CB1 /* Sell-It.app */;
			productType = "com.apple.product-type.application";
		};
		222D29DC1BA2ED0E00D59CB1 /* Sell-ItTests */ = {
			isa = PBXNativeTarget;
			buildConfigurationList = 222D29EA1BA2ED0E00D59CB1 /* Build configuration list for PBXNativeTarget "Sell-ItTests" */;
			buildPhases = (
				222D29D91BA2ED0E00D59CB1 /* Sources */,
				222D29DA1BA2ED0E00D59CB1 /* Frameworks */,
				222D29DB1BA2ED0E00D59CB1 /* Resources */,
			);
			buildRules = (
			);
			dependencies = (
				222D29DF1BA2ED0E00D59CB1 /* PBXTargetDependency */,
			);
			name = "Sell-ItTests";
			productName = "Sell-ItTests";
			productReference = 222D29DD1BA2ED0E00D59CB1 /* Sell-ItTests.xctest */;
			productType = "com.apple.product-type.bundle.unit-test";
		};
/* End PBXNativeTarget section */

/* Begin PBXProject section */
		222D29B91BA2ED0E00D59CB1 /* Project object */ = {
			isa = PBXProject;
			attributes = {
				LastUpgradeCheck = 0620;
				ORGANIZATIONNAME = "Shubhakeerti Alagundagi";
				TargetAttributes = {
					222D29C01BA2ED0E00D59CB1 = {
						CreatedOnToolsVersion = 6.2;
					};
					222D29DC1BA2ED0E00D59CB1 = {
						CreatedOnToolsVersion = 6.2;
						TestTargetID = 222D29C01BA2ED0E00D59CB1;
					};
				};
			};
			buildConfigurationList = 222D29BC1BA2ED0E00D59CB1 /* Build configuration list for PBXProject "Sell-It" */;
			compatibilityVersion = "Xcode 3.2";
			developmentRegion = English;
			hasScannedForEncodings = 0;
			knownRegions = (
				en,
				Base,
			);
			mainGroup = 222D29B81BA2ED0E00D59CB1;
			productRefGroup = 222D29C21BA2ED0E00D59CB1 /* Products */;
			projectDirPath = "";
			projectRoot = "";
			targets = (
				222D29C01BA2ED0E00D59CB1 /* Sell-It */,
				222D29DC1BA2ED0E00D59CB1 /* Sell-ItTests */,
			);
		};
/* End PBXProject section */

/* Begin PBXResourcesBuildPhase section */
		222D29BF1BA2ED0E00D59CB1 /* Resources */ = {
			isa = PBXResourcesBuildPhase;
			buildActionMask = 2147483647;
			files = (
				222D29D31BA2ED0E00D59CB1 /* Main.storyboard in Resources */,
				22204D961BA3DA8F000D43D6 /* Down_arrow_Red.png in Resources */,
				792DB7221BA3738800A7E79E /* TM3.png in Resources */,
				222D29D81BA2ED0E00D59CB1 /* LaunchScreen.xib in Resources */,
				792DB71E1BA3715D00A7E79E /* TM1.png in Resources */,
				222D29D51BA2ED0E00D59CB1 /* Images.xcassets in Resources */,
				7941520D1BA3F4A80012ED2E /* yellow.png in Resources */,
				792DB7201BA3733A00A7E79E /* TM2.png in Resources */,
				794152081BA3F4850012ED2E /* green.png in Resources */,
				7941520F1BA3F4CF0012ED2E /* down.png in Resources */,
				794152091BA3F4850012ED2E /* red.png in Resources */,
				22204D831BA3454F000D43D6 /* TMLeaderboard_json.txt in Resources */,
				22204D981BA3DA9D000D43D6 /* Up_Arrow_green.png in Resources */,
				7941520C1BA3F4A80012ED2E /* blue.png in Resources */,
			);
			runOnlyForDeploymentPostprocessing = 0;
		};
		222D29DB1BA2ED0E00D59CB1 /* Resources */ = {
			isa = PBXResourcesBuildPhase;
			buildActionMask = 2147483647;
			files = (
			);
			runOnlyForDeploymentPostprocessing = 0;
		};
/* End PBXResourcesBuildPhase section */

/* Begin PBXShellScriptBuildPhase section */
		59E6A84AFDC83D9684C65299 /* Copy Pods Resources */ = {
			isa = PBXShellScriptBuildPhase;
			buildActionMask = 2147483647;
			files = (
			);
			inputPaths = (
			);
			name = "Copy Pods Resources";
			outputPaths = (
			);
			runOnlyForDeploymentPostprocessing = 0;
			shellPath = /bin/sh;
			shellScript = "\"${SRCROOT}/Pods/Target Support Files/Pods-Sell-It/Pods-Sell-It-resources.sh\"\n";
			showEnvVarsInLog = 0;
		};
		7B4C32BC64F7D9F048056401 /* Check Pods Manifest.lock */ = {
			isa = PBXShellScriptBuildPhase;
			buildActionMask = 2147483647;
			files = (
			);
			inputPaths = (
			);
			name = "Check Pods Manifest.lock";
			outputPaths = (
			);
			runOnlyForDeploymentPostprocessing = 0;
			shellPath = /bin/sh;
			shellScript = "diff \"${PODS_ROOT}/../Podfile.lock\" \"${PODS_ROOT}/Manifest.lock\" > /dev/null\nif [[ $? != 0 ]] ; then\n    cat << EOM\nerror: The sandbox is not in sync with the Podfile.lock. Run 'pod install' or update your CocoaPods installation.\nEOM\n    exit 1\nfi\n";
			showEnvVarsInLog = 0;
		};
/* End PBXShellScriptBuildPhase section */

/* Begin PBXSourcesBuildPhase section */
		222D29BD1BA2ED0E00D59CB1 /* Sources */ = {
			isa = PBXSourcesBuildPhase;
			buildActionMask = 2147483647;
			files = (
				222D29D01BA2ED0E00D59CB1 /* LeadBoardViewController.m in Sources */,
				222D29FB1BA2F16200D59CB1 /* SMConfigurationViewController.m in Sources */,
				222D29FE1BA2F19000D59CB1 /* FilterViewController.m in Sources */,
				22204D8E1BA39B4B000D43D6 /* HTTPConnectoin.m in Sources */,
				22204D921BA39DC2000D43D6 /* Reachability.m in Sources */,
				22204D871BA365C5000D43D6 /* Utils.m in Sources */,
				222D29CA1BA2ED0E00D59CB1 /* AppDelegate.m in Sources */,
				222D29F21BA2F12800D59CB1 /* DoctorDetailViewController.m in Sources */,
				222D29F51BA2F13800D59CB1 /* TMDetailViewController.m in Sources */,
				222D29CD1BA2ED0E00D59CB1 /* MapViewController.m in Sources */,
				222D29F81BA2F14600D59CB1 /* SMDetailViewController.m in Sources */,
				22204D811BA3406C000D43D6 /* TMCell.m in Sources */,
				222D29EF1BA2F0D100D59CB1 /* DashBoardViewController.m in Sources */,
				222D2A011BA2FF8D00D59CB1 /* LoginViewController.m in Sources */,
				222D29C71BA2ED0E00D59CB1 /* main.m in Sources */,
			);
			runOnlyForDeploymentPostprocessing = 0;
		};
		222D29D91BA2ED0E00D59CB1 /* Sources */ = {
			isa = PBXSourcesBuildPhase;
			buildActionMask = 2147483647;
			files = (
				222D29E41BA2ED0E00D59CB1 /* Sell_ItTests.m in Sources */,
			);
			runOnlyForDeploymentPostprocessing = 0;
		};
/* End PBXSourcesBuildPhase section */

/* Begin PBXTargetDependency section */
		222D29DF1BA2ED0E00D59CB1 /* PBXTargetDependency */ = {
			isa = PBXTargetDependency;
			target = 222D29C01BA2ED0E00D59CB1 /* Sell-It */;
			targetProxy = 222D29DE1BA2ED0E00D59CB1 /* PBXContainerItemProxy */;
		};
/* End PBXTargetDependency section */

/* Begin PBXVariantGroup section */
		222D29D11BA2ED0E00D59CB1 /* Main.storyboard */ = {
			isa = PBXVariantGroup;
			children = (
				222D29D21BA2ED0E00D59CB1 /* Base */,
			);
			name = Main.storyboard;
			sourceTree = "<group>";
		};
		222D29D61BA2ED0E00D59CB1 /* LaunchScreen.xib */ = {
			isa = PBXVariantGroup;
			children = (
				222D29D71BA2ED0E00D59CB1 /* Base */,
			);
			name = LaunchScreen.xib;
			sourceTree = "<group>";
		};
/* End PBXVariantGroup section */

/* Begin XCBuildConfiguration section */
		222D29E51BA2ED0E00D59CB1 /* Debug */ = {
			isa = XCBuildConfiguration;
			buildSettings = {
				ALWAYS_SEARCH_USER_PATHS = NO;
				CLANG_CXX_LANGUAGE_STANDARD = "gnu++0x";
				CLANG_CXX_LIBRARY = "libc++";
				CLANG_ENABLE_MODULES = YES;
				CLANG_ENABLE_OBJC_ARC = YES;
				CLANG_WARN_BOOL_CONVERSION = YES;
				CLANG_WARN_CONSTANT_CONVERSION = YES;
				CLANG_WARN_DIRECT_OBJC_ISA_USAGE = YES_ERROR;
				CLANG_WARN_EMPTY_BODY = YES;
				CLANG_WARN_ENUM_CONVERSION = YES;
				CLANG_WARN_INT_CONVERSION = YES;
				CLANG_WARN_OBJC_ROOT_CLASS = YES_ERROR;
				CLANG_WARN_UNREACHABLE_CODE = YES;
				CLANG_WARN__DUPLICATE_METHOD_MATCH = YES;
				"CODE_SIGN_IDENTITY[sdk=iphoneos*]" = "iPhone Developer";
				COPY_PHASE_STRIP = NO;
				ENABLE_STRICT_OBJC_MSGSEND = YES;
				GCC_C_LANGUAGE_STANDARD = gnu99;
				GCC_DYNAMIC_NO_PIC = NO;
				GCC_OPTIMIZATION_LEVEL = 0;
				GCC_PREPROCESSOR_DEFINITIONS = (
					"DEBUG=1",
					"$(inherited)",
				);
				GCC_SYMBOLS_PRIVATE_EXTERN = NO;
				GCC_WARN_64_TO_32_BIT_CONVERSION = YES;
				GCC_WARN_ABOUT_RETURN_TYPE = YES_ERROR;
				GCC_WARN_UNDECLARED_SELECTOR = YES;
				GCC_WARN_UNINITIALIZED_AUTOS = YES_AGGRESSIVE;
				GCC_WARN_UNUSED_FUNCTION = YES;
				GCC_WARN_UNUSED_VARIABLE = YES;
				IPHONEOS_DEPLOYMENT_TARGET = 8.2;
				MTL_ENABLE_DEBUG_INFO = YES;
				ONLY_ACTIVE_ARCH = YES;
				SDKROOT = iphoneos;
			};
			name = Debug;
		};
		222D29E61BA2ED0E00D59CB1 /* Release */ = {
			isa = XCBuildConfiguration;
			buildSettings = {
				ALWAYS_SEARCH_USER_PATHS = NO;
				CLANG_CXX_LANGUAGE_STANDARD = "gnu++0x";
				CLANG_CXX_LIBRARY = "libc++";
				CLANG_ENABLE_MODULES = YES;
				CLANG_ENABLE_OBJC_ARC = YES;
				CLANG_WARN_BOOL_CONVERSION = YES;
				CLANG_WARN_CONSTANT_CONVERSION = YES;
				CLANG_WARN_DIRECT_OBJC_ISA_USAGE = YES_ERROR;
				CLANG_WARN_EMPTY_BODY = YES;
				CLANG_WARN_ENUM_CONVERSION = YES;
				CLANG_WARN_INT_CONVERSION = YES;
				CLANG_WARN_OBJC_ROOT_CLASS = YES_ERROR;
				CLANG_WARN_UNREACHABLE_CODE = YES;
				CLANG_WARN__DUPLICATE_METHOD_MATCH = YES;
				"CODE_SIGN_IDENTITY[sdk=iphoneos*]" = "iPhone Developer";
				COPY_PHASE_STRIP = NO;
				ENABLE_NS_ASSERTIONS = NO;
				ENABLE_STRICT_OBJC_MSGSEND = YES;
				GCC_C_LANGUAGE_STANDARD = gnu99;
				GCC_WARN_64_TO_32_BIT_CONVERSION = YES;
				GCC_WARN_ABOUT_RETURN_TYPE = YES_ERROR;
				GCC_WARN_UNDECLARED_SELECTOR = YES;
				GCC_WARN_UNINITIALIZED_AUTOS = YES_AGGRESSIVE;
				GCC_WARN_UNUSED_FUNCTION = YES;
				GCC_WARN_UNUSED_VARIABLE = YES;
				IPHONEOS_DEPLOYMENT_TARGET = 8.2;
				MTL_ENABLE_DEBUG_INFO = NO;
				SDKROOT = iphoneos;
				VALIDATE_PRODUCT = YES;
			};
			name = Release;
		};
		222D29E81BA2ED0E00D59CB1 /* Debug */ = {
			isa = XCBuildConfiguration;
			baseConfigurationReference = 43678865BF297F181F2DFC4C /* Pods-Sell-It.debug.xcconfig */;
			buildSettings = {
				ASSETCATALOG_COMPILER_APPICON_NAME = AppIcon;
				INFOPLIST_FILE = "Sell-It/Info.plist";
				IPHONEOS_DEPLOYMENT_TARGET = 7.0;
				LD_RUNPATH_SEARCH_PATHS = "$(inherited) @executable_path/Frameworks";
				LIBRARY_SEARCH_PATHS = (
					"$(inherited)",
					"$(PROJECT_DIR)/Pods/build/Debug-iphoneos",
				);
				PRODUCT_NAME = "$(TARGET_NAME)";
			};
			name = Debug;
		};
		222D29E91BA2ED0E00D59CB1 /* Release */ = {
			isa = XCBuildConfiguration;
			baseConfigurationReference = E2E57B97E4BF54DEA7F619D6 /* Pods-Sell-It.release.xcconfig */;
			buildSettings = {
				ASSETCATALOG_COMPILER_APPICON_NAME = AppIcon;
				INFOPLIST_FILE = "Sell-It/Info.plist";
				IPHONEOS_DEPLOYMENT_TARGET = 7.0;
				LD_RUNPATH_SEARCH_PATHS = "$(inherited) @executable_path/Frameworks";
				LIBRARY_SEARCH_PATHS = (
					"$(inherited)",
					"$(PROJECT_DIR)/Pods/build/Debug-iphoneos",
				);
				PRODUCT_NAME = "$(TARGET_NAME)";
			};
			name = Release;
		};
		222D29EB1BA2ED0E00D59CB1 /* Debug */ = {
			isa = XCBuildConfiguration;
			buildSettings = {
				BUNDLE_LOADER = "$(TEST_HOST)";
				FRAMEWORK_SEARCH_PATHS = (
					"$(SDKROOT)/Developer/Library/Frameworks",
					"$(inherited)",
				);
				GCC_PREPROCESSOR_DEFINITIONS = (
					"DEBUG=1",
					"$(inherited)",
				);
				INFOPLIST_FILE = "Sell-ItTests/Info.plist";
				LD_RUNPATH_SEARCH_PATHS = "$(inherited) @executable_path/Frameworks @loader_path/Frameworks";
				PRODUCT_NAME = "$(TARGET_NAME)";
				TEST_HOST = "$(BUILT_PRODUCTS_DIR)/Sell-It.app/Sell-It";
			};
			name = Debug;
		};
		222D29EC1BA2ED0E00D59CB1 /* Release */ = {
			isa = XCBuildConfiguration;
			buildSettings = {
				BUNDLE_LOADER = "$(TEST_HOST)";
				FRAMEWORK_SEARCH_PATHS = (
					"$(SDKROOT)/Developer/Library/Frameworks",
					"$(inherited)",
				);
				INFOPLIST_FILE = "Sell-ItTests/Info.plist";
				LD_RUNPATH_SEARCH_PATHS = "$(inherited) @executable_path/Frameworks @loader_path/Frameworks";
				PRODUCT_NAME = "$(TARGET_NAME)";
				TEST_HOST = "$(BUILT_PRODUCTS_DIR)/Sell-It.app/Sell-It";
			};
			name = Release;
		};
/* End XCBuildConfiguration section */

/* Begin XCConfigurationList section */
		222D29BC1BA2ED0E00D59CB1 /* Build configuration list for PBXProject "Sell-It" */ = {
			isa = XCConfigurationList;
			buildConfigurations = (
				222D29E51BA2ED0E00D59CB1 /* Debug */,
				222D29E61BA2ED0E00D59CB1 /* Release */,
			);
			defaultConfigurationIsVisible = 0;
			defaultConfigurationName = Release;
		};
		222D29E71BA2ED0E00D59CB1 /* Build configuration list for PBXNativeTarget "Sell-It" */ = {
			isa = XCConfigurationList;
			buildConfigurations = (
				222D29E81BA2ED0E00D59CB1 /* Debug */,
				222D29E91BA2ED0E00D59CB1 /* Release */,
			);
			defaultConfigurationIsVisible = 0;
			defaultConfigurationName = Release;
		};
		222D29EA1BA2ED0E00D59CB1 /* Build configuration list for PBXNativeTarget "Sell-ItTests" */ = {
			isa = XCConfigurationList;
			buildConfigurations = (
				222D29EB1BA2ED0E00D59CB1 /* Debug */,
				222D29EC1BA2ED0E00D59CB1 /* Release */,
			);
			defaultConfigurationIsVisible = 0;
			defaultConfigurationName = Release;
		};
/* End XCConfigurationList section */
	};
	rootObject = 222D29B91BA2ED0E00D59CB1 /* Project object */;
}
